
Microsoft Visual Studio Solution File, Format Version 12.00
# Visual Studio 2013
VisualStudioVersion = 12.0.30501.0
MinimumVisualStudioVersion = 10.0.40219.1
Project("{FAE04EC0-301F-11D3-BF4B-00C04F79EFBC}") = "CodeGenerationCommandDump", "CodeGenerationCommandDump\CodeGenerationCommandDump.csproj", "{FC362581-E7E9-4201-9D91-E9F9557EF569}"
EndProject
Project("{FAE04EC0-301F-11D3-BF4B-00C04F79EFBC}") = "ServiceMatrix.Automation", "..\ServiceMatrix.Automation\ServiceMatrix.Automation.csproj", "{E99C1949-F384-4F9E-9EA8-8F020CA9D8A5}"
EndProject
Project("{FAE04EC0-301F-11D3-BF4B-00C04F79EFBC}") = "V5Checker", "V5Checker\V5Checker.csproj", "{A6C9B849-ACF5-4290-AF60-F830BABBD234}"
EndProject
Global
	GlobalSection(SolutionConfigurationPlatforms) = preSolution
		Debug|Any CPU = Debug|Any CPU
		Debug-VS2010|Any CPU = Debug-VS2010|Any CPU
		Debug-VS2012|Any CPU = Debug-VS2012|Any CPU
		Debug-VS2013|Any CPU = Debug-VS2013|Any CPU
		Release|Any CPU = Release|Any CPU
		Release-VS2010|Any CPU = Release-VS2010|Any CPU
		Release-VS2012|Any CPU = Release-VS2012|Any CPU
		Release-VS2013|Any CPU = Release-VS2013|Any CPU
	EndGlobalSection
	GlobalSection(ProjectConfigurationPlatforms) = postSolution
		{FC362581-E7E9-4201-9D91-E9F9557EF569}.Debug|Any CPU.ActiveCfg = Debug|Any CPU
		{FC362581-E7E9-4201-9D91-E9F9557EF569}.Debug|Any CPU.Build.0 = Debug|Any CPU
		{FC362581-E7E9-4201-9D91-E9F9557EF569}.Debug-VS2010|Any CPU.ActiveCfg = Debug|Any CPU
		{FC362581-E7E9-4201-9D91-E9F9557EF569}.Debug-VS2010|Any CPU.Build.0 = Debug|Any CPU
		{FC362581-E7E9-4201-9D91-E9F9557EF569}.Debug-VS2012|Any CPU.ActiveCfg = Debug|Any CPU
		{FC362581-E7E9-4201-9D91-E9F9557EF569}.Debug-VS2012|Any CPU.Build.0 = Debug|Any CPU
		{FC362581-E7E9-4201-9D91-E9F9557EF569}.Debug-VS2013|Any CPU.ActiveCfg = Debug|Any CPU
		{FC362581-E7E9-4201-9D91-E9F9557EF569}.Debug-VS2013|Any CPU.Build.0 = Debug|Any CPU
		{FC362581-E7E9-4201-9D91-E9F9557EF569}.Release|Any CPU.ActiveCfg = Release|Any CPU
		{FC362581-E7E9-4201-9D91-E9F9557EF569}.Release|Any CPU.Build.0 = Release|Any CPU
		{FC362581-E7E9-4201-9D91-E9F9557EF569}.Release-VS2010|Any CPU.ActiveCfg = Release|Any CPU
		{FC362581-E7E9-4201-9D91-E9F9557EF569}.Release-VS2010|Any CPU.Build.0 = Release|Any CPU
		{FC362581-E7E9-4201-9D91-E9F9557EF569}.Release-VS2012|Any CPU.ActiveCfg = Release|Any CPU
		{FC362581-E7E9-4201-9D91-E9F9557EF569}.Release-VS2012|Any CPU.Build.0 = Release|Any CPU
		{FC362581-E7E9-4201-9D91-E9F9557EF569}.Release-VS2013|Any CPU.ActiveCfg = Release|Any CPU
		{FC362581-E7E9-4201-9D91-E9F9557EF569}.Release-VS2013|Any CPU.Build.0 = Release|Any CPU
		{E99C1949-F384-4F9E-9EA8-8F020CA9D8A5}.Debug|Any CPU.ActiveCfg = Debug-VS2013|Any CPU
		{E99C1949-F384-4F9E-9EA8-8F020CA9D8A5}.Debug|Any CPU.Build.0 = Debug-VS2013|Any CPU
		{E99C1949-F384-4F9E-9EA8-8F020CA9D8A5}.Debug-VS2010|Any CPU.ActiveCfg = Debug-VS2010|Any CPU
		{E99C1949-F384-4F9E-9EA8-8F020CA9D8A5}.Debug-VS2010|Any CPU.Build.0 = Debug-VS2010|Any CPU
		{E99C1949-F384-4F9E-9EA8-8F020CA9D8A5}.Debug-VS2012|Any CPU.ActiveCfg = Debug-VS2012|Any CPU
		{E99C1949-F384-4F9E-9EA8-8F020CA9D8A5}.Debug-VS2012|Any CPU.Build.0 = Debug-VS2012|Any CPU
		{E99C1949-F384-4F9E-9EA8-8F020CA9D8A5}.Debug-VS2013|Any CPU.ActiveCfg = Debug-VS2013|Any CPU
		{E99C1949-F384-4F9E-9EA8-8F020CA9D8A5}.Debug-VS2013|Any CPU.Build.0 = Debug-VS2013|Any CPU
		{E99C1949-F384-4F9E-9EA8-8F020CA9D8A5}.Release|Any CPU.ActiveCfg = Release-VS2013|Any CPU
		{E99C1949-F384-4F9E-9EA8-8F020CA9D8A5}.Release|Any CPU.Build.0 = Release-VS2013|Any CPU
		{E99C1949-F384-4F9E-9EA8-8F020CA9D8A5}.Release-VS2010|Any CPU.ActiveCfg = Release-VS2010|Any CPU
		{E99C1949-F384-4F9E-9EA8-8F020CA9D8A5}.Release-VS2010|Any CPU.Build.0 = Release-VS2010|Any CPU
		{E99C1949-F384-4F9E-9EA8-8F020CA9D8A5}.Release-VS2012|Any CPU.ActiveCfg = Release-VS2012|Any CPU
		{E99C1949-F384-4F9E-9EA8-8F020CA9D8A5}.Release-VS2012|Any CPU.Build.0 = Release-VS2012|Any CPU
		{E99C1949-F384-4F9E-9EA8-8F020CA9D8A5}.Release-VS2013|Any CPU.ActiveCfg = Release-VS2013|Any CPU
		{E99C1949-F384-4F9E-9EA8-8F020CA9D8A5}.Release-VS2013|Any CPU.Build.0 = Release-VS2013|Any CPU
		{A6C9B849-ACF5-4290-AF60-F830BABBD234}.Debug|Any CPU.ActiveCfg = Debug|Any CPU
		{A6C9B849-ACF5-4290-AF60-F830BABBD234}.Debug|Any CPU.Build.0 = Debug|Any CPU
		{A6C9B849-ACF5-4290-AF60-F830BABBD234}.Debug-VS2010|Any CPU.ActiveCfg = Debug|Any CPU
		{A6C9B849-ACF5-4290-AF60-F830BABBD234}.Debug-VS2010|Any CPU.Build.0 = Debug|Any CPU
		{A6C9B849-ACF5-4290-AF60-F830BABBD234}.Debug-VS2012|Any CPU.ActiveCfg = Debug|Any CPU
		{A6C9B849-ACF5-4290-AF60-F830BABBD234}.Debug-VS2012|Any CPU.Build.0 = Debug|Any CPU
		{A6C9B849-ACF5-4290-AF60-F830BABBD234}.Debug-VS2013|Any CPU.ActiveCfg = Debug|Any CPU
		{A6C9B849-ACF5-4290-AF60-F830BABBD234}.Debug-VS2013|Any CPU.Build.0 = Debug|Any CPU
		{A6C9B849-ACF5-4290-AF60-F830BABBD234}.Release|Any CPU.ActiveCfg = Release|Any CPU
		{A6C9B849-ACF5-4290-AF60-F830BABBD234}.Release|Any CPU.Build.0 = Release|Any CPU
		{A6C9B849-ACF5-4290-AF60-F830BABBD234}.Release-VS2010|Any CPU.ActiveCfg = Release|Any CPU
		{A6C9B849-ACF5-4290-AF60-F830BABBD234}.Release-VS2010|Any CPU.Build.0 = Release|Any CPU
		{A6C9B849-ACF5-4290-AF60-F830BABBD234}.Release-VS2012|Any CPU.ActiveCfg = Release|Any CPU
		{A6C9B849-ACF5-4290-AF60-F830BABBD234}.Release-VS2012|Any CPU.Build.0 = Release|Any CPU
		{A6C9B849-ACF5-4290-AF60-F830BABBD234}.Release-VS2013|Any CPU.ActiveCfg = Release|Any CPU
		{A6C9B849-ACF5-4290-AF60-F830BABBD234}.Release-VS2013|Any CPU.Build.0 = Release|Any CPU
	EndGlobalSection
	GlobalSection(SolutionProperties) = preSolution
		HideSolutionNode = FALSE
	EndGlobalSection
EndGlobal
