
Microsoft Visual Studio Solution File, Format Version 12.00
# Visual Studio 2012
Project("{FAE04EC0-301F-11D3-BF4B-00C04F79EFBC}") = "NServiceBusStudio", "NServiceBusStudio\NServiceBusStudio.csproj", "{2532FA71-D5E2-426C-AE22-D4316CEC2ABC}"
EndProject
Project("{2150E333-8FDC-42A3-9474-1A3956D46DE8}") = "Solution Items", "Solution Items", "{8706DF98-FE5F-48B4-8D99-2368D512A1AF}"
	ProjectSection(SolutionItems) = preProject
		source.version.t4 = source.version.t4
		Studio.guidancestate = Studio.guidancestate
		Studio.slnbldr = Studio.slnbldr
		Studio.VS2012.guidancestate = Studio.VS2012.guidancestate
	EndProjectSection
EndProject
Project("{FAE04EC0-301F-11D3-BF4B-00C04F79EFBC}") = "NServiceBusStudio.Automation", "NServiceBusStudio.Automation\NServiceBusStudio.Automation.csproj", "{E99C1949-F384-4F9E-9EA8-8F020CA9D8A5}"
EndProject
Global
	GlobalSection(SolutionConfigurationPlatforms) = preSolution
		Debug|Any CPU = Debug|Any CPU
		Debug|x86 = Debug|x86
		Debug-VS2010|Any CPU = Debug-VS2010|Any CPU
		Debug-VS2010|x86 = Debug-VS2010|x86
		Debug-VS2012|Any CPU = Debug-VS2012|Any CPU
		Debug-VS2012|x86 = Debug-VS2012|x86
		Release|Any CPU = Release|Any CPU
		Release|x86 = Release|x86
		Release-VS2010|Any CPU = Release-VS2010|Any CPU
		Release-VS2010|x86 = Release-VS2010|x86
		Release-VS2012|Any CPU = Release-VS2012|Any CPU
		Release-VS2012|x86 = Release-VS2012|x86
	EndGlobalSection
	GlobalSection(ProjectConfigurationPlatforms) = postSolution
		{2532FA71-D5E2-426C-AE22-D4316CEC2ABC}.Debug|Any CPU.ActiveCfg = Debug-VS2012|Any CPU
		{2532FA71-D5E2-426C-AE22-D4316CEC2ABC}.Debug|Any CPU.Build.0 = Debug-VS2012|Any CPU
		{2532FA71-D5E2-426C-AE22-D4316CEC2ABC}.Debug|x86.ActiveCfg = Debug-VS2012|Any CPU
		{2532FA71-D5E2-426C-AE22-D4316CEC2ABC}.Debug-VS2010|Any CPU.ActiveCfg = Debug-VS2010|Any CPU
		{2532FA71-D5E2-426C-AE22-D4316CEC2ABC}.Debug-VS2010|Any CPU.Build.0 = Debug-VS2010|Any CPU
		{2532FA71-D5E2-426C-AE22-D4316CEC2ABC}.Debug-VS2010|x86.ActiveCfg = Debug-VS2010|Any CPU
		{2532FA71-D5E2-426C-AE22-D4316CEC2ABC}.Debug-VS2012|Any CPU.ActiveCfg = Debug-VS2012|Any CPU
		{2532FA71-D5E2-426C-AE22-D4316CEC2ABC}.Debug-VS2012|Any CPU.Build.0 = Debug-VS2012|Any CPU
		{2532FA71-D5E2-426C-AE22-D4316CEC2ABC}.Debug-VS2012|x86.ActiveCfg = Debug-VS2012|Any CPU
		{2532FA71-D5E2-426C-AE22-D4316CEC2ABC}.Release|Any CPU.ActiveCfg = Release-VS2012|Any CPU
		{2532FA71-D5E2-426C-AE22-D4316CEC2ABC}.Release|Any CPU.Build.0 = Release-VS2012|Any CPU
		{2532FA71-D5E2-426C-AE22-D4316CEC2ABC}.Release|x86.ActiveCfg = Release-VS2012|Any CPU
		{2532FA71-D5E2-426C-AE22-D4316CEC2ABC}.Release-VS2010|Any CPU.ActiveCfg = Release-VS2010|Any CPU
		{2532FA71-D5E2-426C-AE22-D4316CEC2ABC}.Release-VS2010|Any CPU.Build.0 = Release-VS2010|Any CPU
		{2532FA71-D5E2-426C-AE22-D4316CEC2ABC}.Release-VS2010|x86.ActiveCfg = Release-VS2010|Any CPU
		{2532FA71-D5E2-426C-AE22-D4316CEC2ABC}.Release-VS2012|Any CPU.ActiveCfg = Release-VS2012|Any CPU
		{2532FA71-D5E2-426C-AE22-D4316CEC2ABC}.Release-VS2012|Any CPU.Build.0 = Release-VS2012|Any CPU
		{2532FA71-D5E2-426C-AE22-D4316CEC2ABC}.Release-VS2012|x86.ActiveCfg = Release-VS2012|Any CPU
		{E99C1949-F384-4F9E-9EA8-8F020CA9D8A5}.Debug|Any CPU.ActiveCfg = Debug-VS2012|Any CPU
		{E99C1949-F384-4F9E-9EA8-8F020CA9D8A5}.Debug|Any CPU.Build.0 = Debug-VS2012|Any CPU
		{E99C1949-F384-4F9E-9EA8-8F020CA9D8A5}.Debug|x86.ActiveCfg = Debug-VS2012|Any CPU
		{E99C1949-F384-4F9E-9EA8-8F020CA9D8A5}.Debug-VS2010|Any CPU.ActiveCfg = Debug-VS2010|Any CPU
		{E99C1949-F384-4F9E-9EA8-8F020CA9D8A5}.Debug-VS2010|Any CPU.Build.0 = Debug-VS2010|Any CPU
		{E99C1949-F384-4F9E-9EA8-8F020CA9D8A5}.Debug-VS2010|x86.ActiveCfg = Debug-VS2010|Any CPU
		{E99C1949-F384-4F9E-9EA8-8F020CA9D8A5}.Debug-VS2012|Any CPU.ActiveCfg = Debug-VS2012|Any CPU
		{E99C1949-F384-4F9E-9EA8-8F020CA9D8A5}.Debug-VS2012|Any CPU.Build.0 = Debug-VS2012|Any CPU
		{E99C1949-F384-4F9E-9EA8-8F020CA9D8A5}.Debug-VS2012|x86.ActiveCfg = Debug-VS2012|Any CPU
		{E99C1949-F384-4F9E-9EA8-8F020CA9D8A5}.Release|Any CPU.ActiveCfg = Release-VS2012|Any CPU
		{E99C1949-F384-4F9E-9EA8-8F020CA9D8A5}.Release|Any CPU.Build.0 = Release-VS2012|Any CPU
		{E99C1949-F384-4F9E-9EA8-8F020CA9D8A5}.Release|x86.ActiveCfg = Release-VS2012|Any CPU
		{E99C1949-F384-4F9E-9EA8-8F020CA9D8A5}.Release-VS2010|Any CPU.ActiveCfg = Release-VS2010|Any CPU
		{E99C1949-F384-4F9E-9EA8-8F020CA9D8A5}.Release-VS2010|Any CPU.Build.0 = Release-VS2010|Any CPU
		{E99C1949-F384-4F9E-9EA8-8F020CA9D8A5}.Release-VS2010|x86.ActiveCfg = Release-VS2010|Any CPU
		{E99C1949-F384-4F9E-9EA8-8F020CA9D8A5}.Release-VS2012|Any CPU.ActiveCfg = Release-VS2012|Any CPU
		{E99C1949-F384-4F9E-9EA8-8F020CA9D8A5}.Release-VS2012|Any CPU.Build.0 = Release-VS2012|Any CPU
		{E99C1949-F384-4F9E-9EA8-8F020CA9D8A5}.Release-VS2012|x86.ActiveCfg = Release-VS2012|Any CPU
	EndGlobalSection
	GlobalSection(SolutionProperties) = preSolution
		HideSolutionNode = FALSE
	EndGlobalSection
	GlobalSection(ExtensibilityGlobals) = postSolution
		GuidanceWorkflows = 9f6dc301-6f66-4d21-9f9c-b37412b162f6:Creating Pattern Toolkits:1.3.21.0
	EndGlobalSection
EndGlobal
