
Microsoft Visual Studio Solution File, Format Version 12.00
# Visual Studio 2013
VisualStudioVersion = 12.0.30501.0
MinimumVisualStudioVersion = 10.0.40219.1
Project("{FAE04EC0-301F-11D3-BF4B-00C04F79EFBC}") = "ServiceMatrix", "ServiceMatrix\ServiceMatrix.csproj", "{2532FA71-D5E2-426C-AE22-D4316CEC2ABC}"
EndProject
Project("{2150E333-8FDC-42A3-9474-1A3956D46DE8}") = "Solution Items", "Solution Items", "{8706DF98-FE5F-48B4-8D99-2368D512A1AF}"
	ProjectSection(SolutionItems) = preProject
		Integration.2013.testsettings = Integration.2013.testsettings
		ServiceMatrix.VS2013.guidancestate = ServiceMatrix.VS2013.guidancestate
		source.version.t4 = source.version.t4
		Studio.slnbldr = Studio.slnbldr
	EndProjectSection
EndProject
Project("{FAE04EC0-301F-11D3-BF4B-00C04F79EFBC}") = "ServiceMatrix.Automation", "ServiceMatrix.Automation\ServiceMatrix.Automation.csproj", "{E99C1949-F384-4F9E-9EA8-8F020CA9D8A5}"
EndProject
Project("{FAE04EC0-301F-11D3-BF4B-00C04F79EFBC}") = "ServiceMatrix.Automation.Tests", "ServiceMatrix.Automation.Tests\ServiceMatrix.Automation.Tests.csproj", "{6166E6EA-9F16-4E16-8298-7BABEEA1887E}"
EndProject
Project("{FAE04EC0-301F-11D3-BF4B-00C04F79EFBC}") = "ServiceMatrix.VSGallery", "ServiceMatrix.VSGallery\ServiceMatrix.VSGallery.csproj", "{06609F93-76F6-4B7E-BE58-BA02E1F6F7AD}"
EndProject
Project("{FAE04EC0-301F-11D3-BF4B-00C04F79EFBC}") = "ServiceMatrix.IntegrationTests", "ServiceMatrix.IntegrationTests\ServiceMatrix.IntegrationTests.csproj", "{575DB1FD-ADD1-4A66-87F5-B9E9491DFF38}"
EndProject
Global
	GlobalSection(SolutionConfigurationPlatforms) = preSolution
		Debug|Any CPU = Debug|Any CPU
		Debug|ARM = Debug|ARM
		Debug|x64 = Debug|x64
		Debug|x86 = Debug|x86
		Debug-VS2010|Any CPU = Debug-VS2010|Any CPU
		Debug-VS2010|ARM = Debug-VS2010|ARM
		Debug-VS2010|x64 = Debug-VS2010|x64
		Debug-VS2010|x86 = Debug-VS2010|x86
		Debug-VS2012|Any CPU = Debug-VS2012|Any CPU
		Debug-VS2012|ARM = Debug-VS2012|ARM
		Debug-VS2012|x64 = Debug-VS2012|x64
		Debug-VS2012|x86 = Debug-VS2012|x86
		Debug-VS2013|Any CPU = Debug-VS2013|Any CPU
		Debug-VS2013|ARM = Debug-VS2013|ARM
		Debug-VS2013|x64 = Debug-VS2013|x64
		Debug-VS2013|x86 = Debug-VS2013|x86
		Release|Any CPU = Release|Any CPU
		Release|ARM = Release|ARM
		Release|x64 = Release|x64
		Release|x86 = Release|x86
		Release-VS2010|Any CPU = Release-VS2010|Any CPU
		Release-VS2010|ARM = Release-VS2010|ARM
		Release-VS2010|x64 = Release-VS2010|x64
		Release-VS2010|x86 = Release-VS2010|x86
		Release-VS2012|Any CPU = Release-VS2012|Any CPU
		Release-VS2012|ARM = Release-VS2012|ARM
		Release-VS2012|x64 = Release-VS2012|x64
		Release-VS2012|x86 = Release-VS2012|x86
		Release-VS2013|Any CPU = Release-VS2013|Any CPU
		Release-VS2013|ARM = Release-VS2013|ARM
		Release-VS2013|x64 = Release-VS2013|x64
		Release-VS2013|x86 = Release-VS2013|x86
	EndGlobalSection
	GlobalSection(ProjectConfigurationPlatforms) = postSolution
		{2532FA71-D5E2-426C-AE22-D4316CEC2ABC}.Debug|Any CPU.ActiveCfg = Debug-VS2013|Any CPU
		{2532FA71-D5E2-426C-AE22-D4316CEC2ABC}.Debug|Any CPU.Build.0 = Debug-VS2013|Any CPU
		{2532FA71-D5E2-426C-AE22-D4316CEC2ABC}.Debug|ARM.ActiveCfg = Debug-VS2013|Any CPU
		{2532FA71-D5E2-426C-AE22-D4316CEC2ABC}.Debug|x64.ActiveCfg = Debug-VS2013|Any CPU
		{2532FA71-D5E2-426C-AE22-D4316CEC2ABC}.Debug|x86.ActiveCfg = Debug-VS2013|Any CPU
		{2532FA71-D5E2-426C-AE22-D4316CEC2ABC}.Debug-VS2010|Any CPU.ActiveCfg = Debug-VS2010|Any CPU
		{2532FA71-D5E2-426C-AE22-D4316CEC2ABC}.Debug-VS2010|Any CPU.Build.0 = Debug-VS2010|Any CPU
		{2532FA71-D5E2-426C-AE22-D4316CEC2ABC}.Debug-VS2010|ARM.ActiveCfg = Debug-VS2010|Any CPU
		{2532FA71-D5E2-426C-AE22-D4316CEC2ABC}.Debug-VS2010|x64.ActiveCfg = Debug-VS2010|Any CPU
		{2532FA71-D5E2-426C-AE22-D4316CEC2ABC}.Debug-VS2010|x86.ActiveCfg = Debug-VS2010|Any CPU
		{2532FA71-D5E2-426C-AE22-D4316CEC2ABC}.Debug-VS2012|Any CPU.ActiveCfg = Debug-VS2012|Any CPU
		{2532FA71-D5E2-426C-AE22-D4316CEC2ABC}.Debug-VS2012|Any CPU.Build.0 = Debug-VS2012|Any CPU
		{2532FA71-D5E2-426C-AE22-D4316CEC2ABC}.Debug-VS2012|ARM.ActiveCfg = Debug-VS2012|Any CPU
		{2532FA71-D5E2-426C-AE22-D4316CEC2ABC}.Debug-VS2012|x64.ActiveCfg = Debug-VS2012|Any CPU
		{2532FA71-D5E2-426C-AE22-D4316CEC2ABC}.Debug-VS2012|x86.ActiveCfg = Debug-VS2012|Any CPU
		{2532FA71-D5E2-426C-AE22-D4316CEC2ABC}.Debug-VS2013|Any CPU.ActiveCfg = Debug-VS2013|Any CPU
		{2532FA71-D5E2-426C-AE22-D4316CEC2ABC}.Debug-VS2013|Any CPU.Build.0 = Debug-VS2013|Any CPU
		{2532FA71-D5E2-426C-AE22-D4316CEC2ABC}.Debug-VS2013|ARM.ActiveCfg = Debug-VS2013|Any CPU
		{2532FA71-D5E2-426C-AE22-D4316CEC2ABC}.Debug-VS2013|x64.ActiveCfg = Debug-VS2013|Any CPU
		{2532FA71-D5E2-426C-AE22-D4316CEC2ABC}.Debug-VS2013|x86.ActiveCfg = Debug-VS2012|Any CPU
		{2532FA71-D5E2-426C-AE22-D4316CEC2ABC}.Release|Any CPU.ActiveCfg = Release-VS2013|Any CPU
		{2532FA71-D5E2-426C-AE22-D4316CEC2ABC}.Release|Any CPU.Build.0 = Release-VS2013|Any CPU
		{2532FA71-D5E2-426C-AE22-D4316CEC2ABC}.Release|ARM.ActiveCfg = Release-VS2013|Any CPU
		{2532FA71-D5E2-426C-AE22-D4316CEC2ABC}.Release|x64.ActiveCfg = Release-VS2013|Any CPU
		{2532FA71-D5E2-426C-AE22-D4316CEC2ABC}.Release|x86.ActiveCfg = Release-VS2013|Any CPU
		{2532FA71-D5E2-426C-AE22-D4316CEC2ABC}.Release-VS2010|Any CPU.ActiveCfg = Release-VS2010|Any CPU
		{2532FA71-D5E2-426C-AE22-D4316CEC2ABC}.Release-VS2010|Any CPU.Build.0 = Release-VS2010|Any CPU
		{2532FA71-D5E2-426C-AE22-D4316CEC2ABC}.Release-VS2010|ARM.ActiveCfg = Release-VS2010|Any CPU
		{2532FA71-D5E2-426C-AE22-D4316CEC2ABC}.Release-VS2010|x64.ActiveCfg = Release-VS2010|Any CPU
		{2532FA71-D5E2-426C-AE22-D4316CEC2ABC}.Release-VS2010|x86.ActiveCfg = Release-VS2010|Any CPU
		{2532FA71-D5E2-426C-AE22-D4316CEC2ABC}.Release-VS2012|Any CPU.ActiveCfg = Release-VS2012|Any CPU
		{2532FA71-D5E2-426C-AE22-D4316CEC2ABC}.Release-VS2012|Any CPU.Build.0 = Release-VS2012|Any CPU
		{2532FA71-D5E2-426C-AE22-D4316CEC2ABC}.Release-VS2012|ARM.ActiveCfg = Release-VS2012|Any CPU
		{2532FA71-D5E2-426C-AE22-D4316CEC2ABC}.Release-VS2012|x64.ActiveCfg = Release-VS2012|Any CPU
		{2532FA71-D5E2-426C-AE22-D4316CEC2ABC}.Release-VS2012|x86.ActiveCfg = Release-VS2012|Any CPU
		{2532FA71-D5E2-426C-AE22-D4316CEC2ABC}.Release-VS2013|Any CPU.ActiveCfg = Release-VS2013|Any CPU
		{2532FA71-D5E2-426C-AE22-D4316CEC2ABC}.Release-VS2013|Any CPU.Build.0 = Release-VS2013|Any CPU
		{2532FA71-D5E2-426C-AE22-D4316CEC2ABC}.Release-VS2013|ARM.ActiveCfg = Release-VS2013|Any CPU
		{2532FA71-D5E2-426C-AE22-D4316CEC2ABC}.Release-VS2013|x64.ActiveCfg = Release-VS2013|Any CPU
		{2532FA71-D5E2-426C-AE22-D4316CEC2ABC}.Release-VS2013|x86.ActiveCfg = Release-VS2012|Any CPU
		{E99C1949-F384-4F9E-9EA8-8F020CA9D8A5}.Debug|Any CPU.ActiveCfg = Debug-VS2013|Any CPU
		{E99C1949-F384-4F9E-9EA8-8F020CA9D8A5}.Debug|Any CPU.Build.0 = Debug-VS2013|Any CPU
		{E99C1949-F384-4F9E-9EA8-8F020CA9D8A5}.Debug|ARM.ActiveCfg = Debug-VS2013|Any CPU
		{E99C1949-F384-4F9E-9EA8-8F020CA9D8A5}.Debug|x64.ActiveCfg = Debug-VS2013|Any CPU
		{E99C1949-F384-4F9E-9EA8-8F020CA9D8A5}.Debug|x86.ActiveCfg = Debug-VS2013|Any CPU
		{E99C1949-F384-4F9E-9EA8-8F020CA9D8A5}.Debug-VS2010|Any CPU.ActiveCfg = Debug-VS2010|Any CPU
		{E99C1949-F384-4F9E-9EA8-8F020CA9D8A5}.Debug-VS2010|Any CPU.Build.0 = Debug-VS2010|Any CPU
		{E99C1949-F384-4F9E-9EA8-8F020CA9D8A5}.Debug-VS2010|ARM.ActiveCfg = Debug-VS2010|Any CPU
		{E99C1949-F384-4F9E-9EA8-8F020CA9D8A5}.Debug-VS2010|x64.ActiveCfg = Debug-VS2010|Any CPU
		{E99C1949-F384-4F9E-9EA8-8F020CA9D8A5}.Debug-VS2010|x86.ActiveCfg = Debug-VS2010|Any CPU
		{E99C1949-F384-4F9E-9EA8-8F020CA9D8A5}.Debug-VS2012|Any CPU.ActiveCfg = Debug-VS2012|Any CPU
		{E99C1949-F384-4F9E-9EA8-8F020CA9D8A5}.Debug-VS2012|Any CPU.Build.0 = Debug-VS2012|Any CPU
		{E99C1949-F384-4F9E-9EA8-8F020CA9D8A5}.Debug-VS2012|ARM.ActiveCfg = Debug-VS2012|Any CPU
		{E99C1949-F384-4F9E-9EA8-8F020CA9D8A5}.Debug-VS2012|x64.ActiveCfg = Debug-VS2012|Any CPU
		{E99C1949-F384-4F9E-9EA8-8F020CA9D8A5}.Debug-VS2012|x86.ActiveCfg = Debug-VS2012|Any CPU
		{E99C1949-F384-4F9E-9EA8-8F020CA9D8A5}.Debug-VS2013|Any CPU.ActiveCfg = Debug-VS2013|Any CPU
		{E99C1949-F384-4F9E-9EA8-8F020CA9D8A5}.Debug-VS2013|Any CPU.Build.0 = Debug-VS2013|Any CPU
		{E99C1949-F384-4F9E-9EA8-8F020CA9D8A5}.Debug-VS2013|ARM.ActiveCfg = Debug-VS2013|Any CPU
		{E99C1949-F384-4F9E-9EA8-8F020CA9D8A5}.Debug-VS2013|x64.ActiveCfg = Debug-VS2013|Any CPU
		{E99C1949-F384-4F9E-9EA8-8F020CA9D8A5}.Debug-VS2013|x86.ActiveCfg = Debug-VS2012|Any CPU
		{E99C1949-F384-4F9E-9EA8-8F020CA9D8A5}.Release|Any CPU.ActiveCfg = Release-VS2013|Any CPU
		{E99C1949-F384-4F9E-9EA8-8F020CA9D8A5}.Release|Any CPU.Build.0 = Release-VS2013|Any CPU
		{E99C1949-F384-4F9E-9EA8-8F020CA9D8A5}.Release|ARM.ActiveCfg = Release-VS2013|Any CPU
		{E99C1949-F384-4F9E-9EA8-8F020CA9D8A5}.Release|x64.ActiveCfg = Release-VS2013|Any CPU
		{E99C1949-F384-4F9E-9EA8-8F020CA9D8A5}.Release|x86.ActiveCfg = Release-VS2013|Any CPU
		{E99C1949-F384-4F9E-9EA8-8F020CA9D8A5}.Release-VS2010|Any CPU.ActiveCfg = Release-VS2010|Any CPU
		{E99C1949-F384-4F9E-9EA8-8F020CA9D8A5}.Release-VS2010|Any CPU.Build.0 = Release-VS2010|Any CPU
		{E99C1949-F384-4F9E-9EA8-8F020CA9D8A5}.Release-VS2010|ARM.ActiveCfg = Release-VS2010|Any CPU
		{E99C1949-F384-4F9E-9EA8-8F020CA9D8A5}.Release-VS2010|x64.ActiveCfg = Release-VS2010|Any CPU
		{E99C1949-F384-4F9E-9EA8-8F020CA9D8A5}.Release-VS2010|x86.ActiveCfg = Release-VS2010|Any CPU
		{E99C1949-F384-4F9E-9EA8-8F020CA9D8A5}.Release-VS2012|Any CPU.ActiveCfg = Release-VS2012|Any CPU
		{E99C1949-F384-4F9E-9EA8-8F020CA9D8A5}.Release-VS2012|Any CPU.Build.0 = Release-VS2012|Any CPU
		{E99C1949-F384-4F9E-9EA8-8F020CA9D8A5}.Release-VS2012|ARM.ActiveCfg = Release-VS2012|Any CPU
		{E99C1949-F384-4F9E-9EA8-8F020CA9D8A5}.Release-VS2012|x64.ActiveCfg = Release-VS2012|Any CPU
		{E99C1949-F384-4F9E-9EA8-8F020CA9D8A5}.Release-VS2012|x86.ActiveCfg = Release-VS2012|Any CPU
		{E99C1949-F384-4F9E-9EA8-8F020CA9D8A5}.Release-VS2013|Any CPU.ActiveCfg = Release-VS2013|Any CPU
		{E99C1949-F384-4F9E-9EA8-8F020CA9D8A5}.Release-VS2013|Any CPU.Build.0 = Release-VS2013|Any CPU
		{E99C1949-F384-4F9E-9EA8-8F020CA9D8A5}.Release-VS2013|ARM.ActiveCfg = Release-VS2013|Any CPU
		{E99C1949-F384-4F9E-9EA8-8F020CA9D8A5}.Release-VS2013|x64.ActiveCfg = Release-VS2013|Any CPU
		{E99C1949-F384-4F9E-9EA8-8F020CA9D8A5}.Release-VS2013|x86.ActiveCfg = Release-VS2012|Any CPU
		{6166E6EA-9F16-4E16-8298-7BABEEA1887E}.Debug|Any CPU.ActiveCfg = Debug|Any CPU
		{6166E6EA-9F16-4E16-8298-7BABEEA1887E}.Debug|Any CPU.Build.0 = Debug|Any CPU
		{6166E6EA-9F16-4E16-8298-7BABEEA1887E}.Debug|ARM.ActiveCfg = Debug|Any CPU
		{6166E6EA-9F16-4E16-8298-7BABEEA1887E}.Debug|x64.ActiveCfg = Debug|Any CPU
		{6166E6EA-9F16-4E16-8298-7BABEEA1887E}.Debug|x86.ActiveCfg = Debug|Any CPU
		{6166E6EA-9F16-4E16-8298-7BABEEA1887E}.Debug-VS2010|Any CPU.ActiveCfg = Debug|Any CPU
		{6166E6EA-9F16-4E16-8298-7BABEEA1887E}.Debug-VS2010|Any CPU.Build.0 = Debug|Any CPU
		{6166E6EA-9F16-4E16-8298-7BABEEA1887E}.Debug-VS2010|ARM.ActiveCfg = Debug|Any CPU
		{6166E6EA-9F16-4E16-8298-7BABEEA1887E}.Debug-VS2010|x64.ActiveCfg = Debug|Any CPU
		{6166E6EA-9F16-4E16-8298-7BABEEA1887E}.Debug-VS2010|x86.ActiveCfg = Debug|Any CPU
		{6166E6EA-9F16-4E16-8298-7BABEEA1887E}.Debug-VS2012|Any CPU.ActiveCfg = Debug|Any CPU
		{6166E6EA-9F16-4E16-8298-7BABEEA1887E}.Debug-VS2012|Any CPU.Build.0 = Debug|Any CPU
		{6166E6EA-9F16-4E16-8298-7BABEEA1887E}.Debug-VS2012|ARM.ActiveCfg = Debug|Any CPU
		{6166E6EA-9F16-4E16-8298-7BABEEA1887E}.Debug-VS2012|x64.ActiveCfg = Debug|Any CPU
		{6166E6EA-9F16-4E16-8298-7BABEEA1887E}.Debug-VS2012|x86.ActiveCfg = Debug|Any CPU
		{6166E6EA-9F16-4E16-8298-7BABEEA1887E}.Debug-VS2013|Any CPU.ActiveCfg = Debug|Any CPU
		{6166E6EA-9F16-4E16-8298-7BABEEA1887E}.Debug-VS2013|Any CPU.Build.0 = Debug|Any CPU
		{6166E6EA-9F16-4E16-8298-7BABEEA1887E}.Debug-VS2013|ARM.ActiveCfg = Debug|Any CPU
		{6166E6EA-9F16-4E16-8298-7BABEEA1887E}.Debug-VS2013|x64.ActiveCfg = Debug|Any CPU
		{6166E6EA-9F16-4E16-8298-7BABEEA1887E}.Debug-VS2013|x86.ActiveCfg = Debug|Any CPU
		{6166E6EA-9F16-4E16-8298-7BABEEA1887E}.Release|Any CPU.ActiveCfg = Release|Any CPU
		{6166E6EA-9F16-4E16-8298-7BABEEA1887E}.Release|Any CPU.Build.0 = Release|Any CPU
		{6166E6EA-9F16-4E16-8298-7BABEEA1887E}.Release|ARM.ActiveCfg = Release|Any CPU
		{6166E6EA-9F16-4E16-8298-7BABEEA1887E}.Release|x64.ActiveCfg = Release|Any CPU
		{6166E6EA-9F16-4E16-8298-7BABEEA1887E}.Release|x86.ActiveCfg = Release|Any CPU
		{6166E6EA-9F16-4E16-8298-7BABEEA1887E}.Release-VS2010|Any CPU.ActiveCfg = Release|Any CPU
		{6166E6EA-9F16-4E16-8298-7BABEEA1887E}.Release-VS2010|Any CPU.Build.0 = Release|Any CPU
		{6166E6EA-9F16-4E16-8298-7BABEEA1887E}.Release-VS2010|ARM.ActiveCfg = Release|Any CPU
		{6166E6EA-9F16-4E16-8298-7BABEEA1887E}.Release-VS2010|x64.ActiveCfg = Release|Any CPU
		{6166E6EA-9F16-4E16-8298-7BABEEA1887E}.Release-VS2010|x86.ActiveCfg = Release|Any CPU
		{6166E6EA-9F16-4E16-8298-7BABEEA1887E}.Release-VS2012|Any CPU.ActiveCfg = Release|Any CPU
		{6166E6EA-9F16-4E16-8298-7BABEEA1887E}.Release-VS2012|Any CPU.Build.0 = Release|Any CPU
		{6166E6EA-9F16-4E16-8298-7BABEEA1887E}.Release-VS2012|ARM.ActiveCfg = Release|Any CPU
		{6166E6EA-9F16-4E16-8298-7BABEEA1887E}.Release-VS2012|x64.ActiveCfg = Release|Any CPU
		{6166E6EA-9F16-4E16-8298-7BABEEA1887E}.Release-VS2012|x86.ActiveCfg = Release|Any CPU
		{6166E6EA-9F16-4E16-8298-7BABEEA1887E}.Release-VS2013|Any CPU.ActiveCfg = Release|Any CPU
		{6166E6EA-9F16-4E16-8298-7BABEEA1887E}.Release-VS2013|Any CPU.Build.0 = Release|Any CPU
		{6166E6EA-9F16-4E16-8298-7BABEEA1887E}.Release-VS2013|ARM.ActiveCfg = Release|Any CPU
		{6166E6EA-9F16-4E16-8298-7BABEEA1887E}.Release-VS2013|x64.ActiveCfg = Release|Any CPU
		{6166E6EA-9F16-4E16-8298-7BABEEA1887E}.Release-VS2013|x86.ActiveCfg = Release|Any CPU
		{06609F93-76F6-4B7E-BE58-BA02E1F6F7AD}.Debug|Any CPU.ActiveCfg = Debug|Any CPU
		{06609F93-76F6-4B7E-BE58-BA02E1F6F7AD}.Debug|Any CPU.Build.0 = Debug|Any CPU
		{06609F93-76F6-4B7E-BE58-BA02E1F6F7AD}.Debug|ARM.ActiveCfg = Debug|Any CPU
		{06609F93-76F6-4B7E-BE58-BA02E1F6F7AD}.Debug|x64.ActiveCfg = Debug|Any CPU
		{06609F93-76F6-4B7E-BE58-BA02E1F6F7AD}.Debug|x86.ActiveCfg = Debug|Any CPU
		{06609F93-76F6-4B7E-BE58-BA02E1F6F7AD}.Debug-VS2010|Any CPU.ActiveCfg = Debug|Any CPU
		{06609F93-76F6-4B7E-BE58-BA02E1F6F7AD}.Debug-VS2010|Any CPU.Build.0 = Debug|Any CPU
		{06609F93-76F6-4B7E-BE58-BA02E1F6F7AD}.Debug-VS2010|ARM.ActiveCfg = Debug-VS2010|Any CPU
		{06609F93-76F6-4B7E-BE58-BA02E1F6F7AD}.Debug-VS2010|x64.ActiveCfg = Debug-VS2010|Any CPU
		{06609F93-76F6-4B7E-BE58-BA02E1F6F7AD}.Debug-VS2010|x86.ActiveCfg = Debug|Any CPU
		{06609F93-76F6-4B7E-BE58-BA02E1F6F7AD}.Debug-VS2012|Any CPU.ActiveCfg = Debug|Any CPU
		{06609F93-76F6-4B7E-BE58-BA02E1F6F7AD}.Debug-VS2012|ARM.ActiveCfg = Debug-VS2012|Any CPU
		{06609F93-76F6-4B7E-BE58-BA02E1F6F7AD}.Debug-VS2012|x64.ActiveCfg = Debug-VS2012|Any CPU
		{06609F93-76F6-4B7E-BE58-BA02E1F6F7AD}.Debug-VS2012|x86.ActiveCfg = Debug|Any CPU
		{06609F93-76F6-4B7E-BE58-BA02E1F6F7AD}.Debug-VS2013|Any CPU.ActiveCfg = Debug|Any CPU
		{06609F93-76F6-4B7E-BE58-BA02E1F6F7AD}.Debug-VS2013|Any CPU.Build.0 = Debug|Any CPU
		{06609F93-76F6-4B7E-BE58-BA02E1F6F7AD}.Debug-VS2013|ARM.ActiveCfg = Debug-VS2013|Any CPU
		{06609F93-76F6-4B7E-BE58-BA02E1F6F7AD}.Debug-VS2013|x64.ActiveCfg = Debug-VS2013|Any CPU
		{06609F93-76F6-4B7E-BE58-BA02E1F6F7AD}.Debug-VS2013|x86.ActiveCfg = Debug|Any CPU
		{06609F93-76F6-4B7E-BE58-BA02E1F6F7AD}.Release|Any CPU.ActiveCfg = Release|Any CPU
		{06609F93-76F6-4B7E-BE58-BA02E1F6F7AD}.Release|Any CPU.Build.0 = Release|Any CPU
		{06609F93-76F6-4B7E-BE58-BA02E1F6F7AD}.Release|ARM.ActiveCfg = Release|Any CPU
		{06609F93-76F6-4B7E-BE58-BA02E1F6F7AD}.Release|x64.ActiveCfg = Release|Any CPU
		{06609F93-76F6-4B7E-BE58-BA02E1F6F7AD}.Release|x86.ActiveCfg = Release|Any CPU
		{06609F93-76F6-4B7E-BE58-BA02E1F6F7AD}.Release-VS2010|Any CPU.ActiveCfg = Release|Any CPU
		{06609F93-76F6-4B7E-BE58-BA02E1F6F7AD}.Release-VS2010|Any CPU.Build.0 = Release|Any CPU
		{06609F93-76F6-4B7E-BE58-BA02E1F6F7AD}.Release-VS2010|ARM.ActiveCfg = Release-VS2010|Any CPU
		{06609F93-76F6-4B7E-BE58-BA02E1F6F7AD}.Release-VS2010|x64.ActiveCfg = Release-VS2010|Any CPU
		{06609F93-76F6-4B7E-BE58-BA02E1F6F7AD}.Release-VS2010|x86.ActiveCfg = Release|Any CPU
		{06609F93-76F6-4B7E-BE58-BA02E1F6F7AD}.Release-VS2012|Any CPU.ActiveCfg = Release|Any CPU
		{06609F93-76F6-4B7E-BE58-BA02E1F6F7AD}.Release-VS2012|ARM.ActiveCfg = Release-VS2012|Any CPU
		{06609F93-76F6-4B7E-BE58-BA02E1F6F7AD}.Release-VS2012|x64.ActiveCfg = Release-VS2012|Any CPU
		{06609F93-76F6-4B7E-BE58-BA02E1F6F7AD}.Release-VS2012|x86.ActiveCfg = Release|Any CPU
		{06609F93-76F6-4B7E-BE58-BA02E1F6F7AD}.Release-VS2013|Any CPU.ActiveCfg = Release|Any CPU
		{06609F93-76F6-4B7E-BE58-BA02E1F6F7AD}.Release-VS2013|Any CPU.Build.0 = Release|Any CPU
		{06609F93-76F6-4B7E-BE58-BA02E1F6F7AD}.Release-VS2013|ARM.ActiveCfg = Release-VS2013|Any CPU
		{06609F93-76F6-4B7E-BE58-BA02E1F6F7AD}.Release-VS2013|x64.ActiveCfg = Release-VS2013|Any CPU
		{06609F93-76F6-4B7E-BE58-BA02E1F6F7AD}.Release-VS2013|x86.ActiveCfg = Release|Any CPU
		{575DB1FD-ADD1-4A66-87F5-B9E9491DFF38}.Debug|Any CPU.ActiveCfg = Debug-VS2013|Any CPU
		{575DB1FD-ADD1-4A66-87F5-B9E9491DFF38}.Debug|Any CPU.Build.0 = Debug-VS2013|Any CPU
		{575DB1FD-ADD1-4A66-87F5-B9E9491DFF38}.Debug|ARM.ActiveCfg = Debug-VS2013|Any CPU
		{575DB1FD-ADD1-4A66-87F5-B9E9491DFF38}.Debug|x64.ActiveCfg = Debug-VS2013|Any CPU
		{575DB1FD-ADD1-4A66-87F5-B9E9491DFF38}.Debug|x86.ActiveCfg = Debug-VS2013|Any CPU
		{575DB1FD-ADD1-4A66-87F5-B9E9491DFF38}.Debug-VS2010|Any CPU.ActiveCfg = Debug-VS2010|Any CPU
		{575DB1FD-ADD1-4A66-87F5-B9E9491DFF38}.Debug-VS2010|Any CPU.Build.0 = Debug-VS2010|Any CPU
		{575DB1FD-ADD1-4A66-87F5-B9E9491DFF38}.Debug-VS2010|ARM.ActiveCfg = Debug-VS2010|Any CPU
		{575DB1FD-ADD1-4A66-87F5-B9E9491DFF38}.Debug-VS2010|x64.ActiveCfg = Debug-VS2010|Any CPU
		{575DB1FD-ADD1-4A66-87F5-B9E9491DFF38}.Debug-VS2010|x86.ActiveCfg = Debug-VS2010|Any CPU
		{575DB1FD-ADD1-4A66-87F5-B9E9491DFF38}.Debug-VS2012|Any CPU.ActiveCfg = Debug-VS2012|Any CPU
		{575DB1FD-ADD1-4A66-87F5-B9E9491DFF38}.Debug-VS2012|Any CPU.Build.0 = Debug-VS2012|Any CPU
		{575DB1FD-ADD1-4A66-87F5-B9E9491DFF38}.Debug-VS2012|ARM.ActiveCfg = Debug-VS2012|Any CPU
		{575DB1FD-ADD1-4A66-87F5-B9E9491DFF38}.Debug-VS2012|x64.ActiveCfg = Debug-VS2012|Any CPU
		{575DB1FD-ADD1-4A66-87F5-B9E9491DFF38}.Debug-VS2012|x86.ActiveCfg = Debug-VS2012|Any CPU
		{575DB1FD-ADD1-4A66-87F5-B9E9491DFF38}.Debug-VS2013|Any CPU.ActiveCfg = Debug-VS2013|Any CPU
		{575DB1FD-ADD1-4A66-87F5-B9E9491DFF38}.Debug-VS2013|Any CPU.Build.0 = Debug-VS2013|Any CPU
		{575DB1FD-ADD1-4A66-87F5-B9E9491DFF38}.Debug-VS2013|ARM.ActiveCfg = Debug-VS2013|Any CPU
		{575DB1FD-ADD1-4A66-87F5-B9E9491DFF38}.Debug-VS2013|x64.ActiveCfg = Debug-VS2013|Any CPU
		{575DB1FD-ADD1-4A66-87F5-B9E9491DFF38}.Debug-VS2013|x86.ActiveCfg = Debug-VS2013|Any CPU
		{575DB1FD-ADD1-4A66-87F5-B9E9491DFF38}.Release|Any CPU.ActiveCfg = Release-VS2013|Any CPU
		{575DB1FD-ADD1-4A66-87F5-B9E9491DFF38}.Release|Any CPU.Build.0 = Release-VS2013|Any CPU
		{575DB1FD-ADD1-4A66-87F5-B9E9491DFF38}.Release|ARM.ActiveCfg = Release-VS2013|Any CPU
		{575DB1FD-ADD1-4A66-87F5-B9E9491DFF38}.Release|x64.ActiveCfg = Release-VS2013|Any CPU
		{575DB1FD-ADD1-4A66-87F5-B9E9491DFF38}.Release|x86.ActiveCfg = Release-VS2013|Any CPU
		{575DB1FD-ADD1-4A66-87F5-B9E9491DFF38}.Release-VS2010|Any CPU.ActiveCfg = Release-VS2010|Any CPU
		{575DB1FD-ADD1-4A66-87F5-B9E9491DFF38}.Release-VS2010|Any CPU.Build.0 = Release-VS2010|Any CPU
		{575DB1FD-ADD1-4A66-87F5-B9E9491DFF38}.Release-VS2010|ARM.ActiveCfg = Release-VS2010|Any CPU
		{575DB1FD-ADD1-4A66-87F5-B9E9491DFF38}.Release-VS2010|x64.ActiveCfg = Release-VS2010|Any CPU
		{575DB1FD-ADD1-4A66-87F5-B9E9491DFF38}.Release-VS2010|x86.ActiveCfg = Release-VS2010|Any CPU
		{575DB1FD-ADD1-4A66-87F5-B9E9491DFF38}.Release-VS2012|Any CPU.ActiveCfg = Release-VS2012|Any CPU
		{575DB1FD-ADD1-4A66-87F5-B9E9491DFF38}.Release-VS2012|Any CPU.Build.0 = Release-VS2012|Any CPU
		{575DB1FD-ADD1-4A66-87F5-B9E9491DFF38}.Release-VS2012|ARM.ActiveCfg = Release-VS2012|Any CPU
		{575DB1FD-ADD1-4A66-87F5-B9E9491DFF38}.Release-VS2012|x64.ActiveCfg = Release-VS2012|Any CPU
		{575DB1FD-ADD1-4A66-87F5-B9E9491DFF38}.Release-VS2012|x86.ActiveCfg = Release-VS2012|Any CPU
		{575DB1FD-ADD1-4A66-87F5-B9E9491DFF38}.Release-VS2013|Any CPU.ActiveCfg = Release-VS2013|Any CPU
		{575DB1FD-ADD1-4A66-87F5-B9E9491DFF38}.Release-VS2013|Any CPU.Build.0 = Release-VS2013|Any CPU
		{575DB1FD-ADD1-4A66-87F5-B9E9491DFF38}.Release-VS2013|ARM.ActiveCfg = Release-VS2013|Any CPU
		{575DB1FD-ADD1-4A66-87F5-B9E9491DFF38}.Release-VS2013|x64.ActiveCfg = Release-VS2013|Any CPU
		{575DB1FD-ADD1-4A66-87F5-B9E9491DFF38}.Release-VS2013|x86.ActiveCfg = Release-VS2013|Any CPU
	EndGlobalSection
	GlobalSection(SolutionProperties) = preSolution
		HideSolutionNode = FALSE
	EndGlobalSection
	GlobalSection(ExtensibilityGlobals) = postSolution
		GuidanceWorkflows = 9f6dc301-6f66-4d21-9f9c-b37412b162f6:Creating Pattern Toolkits:1.4.24.0
	EndGlobalSection
EndGlobal
