
Microsoft Visual Studio Solution File, Format Version 11.00
# Visual Studio 2010
Project("{FAE04EC0-301F-11D3-BF4B-00C04F79EFBC}") = "WebEndpoint", "WebEndpoint\WebEndpoint.csproj", "{6F4E8D6D-FB20-4D3B-B947-FB6FE92DAF36}"
EndProject
Project("{2150E333-8FDC-42A3-9474-1A3956D46DE8}") = "Solution Items", "Solution Items", "{C1E36BC1-4C94-43A4-96B7-78C8E6E12F8E}"
	ProjectSection(SolutionItems) = preProject
		WebEndpoint.guidancestate = WebEndpoint.guidancestate
		WebEndpoint.slnbldr = WebEndpoint.slnbldr
	EndProjectSection
EndProject
Project("{FAE04EC0-301F-11D3-BF4B-00C04F79EFBC}") = "WebEndpoint.Automation", "WebEndpoint.Automation\WebEndpoint.Automation.csproj", "{EBE9331E-D1EC-417B-A56A-8C487633DC90}"
EndProject
Global
	GlobalSection(TeamFoundationVersionControl) = preSolution
		SccNumberOfProjects = 3
		SccEnterpriseProvider = {4CA58AB2-18FA-4F8D-95D4-32DDF27D184C}
		SccTeamFoundationServer = https://tfs.clariusconsulting.net/tfs/customers
		SccLocalPath0 = .
		SccProjectUniqueName1 = WebEndpoint.Automation\\WebEndpoint.Automation.csproj
		SccProjectName1 = WebEndpoint.Automation
		SccLocalPath1 = WebEndpoint.Automation
		SccProjectUniqueName2 = WebEndpoint\\WebEndpoint.csproj
		SccProjectName2 = WebEndpoint
		SccLocalPath2 = WebEndpoint
	EndGlobalSection
	GlobalSection(SolutionConfigurationPlatforms) = preSolution
		Debug|Any CPU = Debug|Any CPU
		Release|Any CPU = Release|Any CPU
	EndGlobalSection
	GlobalSection(ProjectConfigurationPlatforms) = postSolution
		{6F4E8D6D-FB20-4D3B-B947-FB6FE92DAF36}.Debug|Any CPU.ActiveCfg = Debug|Any CPU
		{6F4E8D6D-FB20-4D3B-B947-FB6FE92DAF36}.Debug|Any CPU.Build.0 = Debug|Any CPU
		{6F4E8D6D-FB20-4D3B-B947-FB6FE92DAF36}.Release|Any CPU.ActiveCfg = Release|Any CPU
		{6F4E8D6D-FB20-4D3B-B947-FB6FE92DAF36}.Release|Any CPU.Build.0 = Release|Any CPU
		{EBE9331E-D1EC-417B-A56A-8C487633DC90}.Debug|Any CPU.ActiveCfg = Debug|Any CPU
		{EBE9331E-D1EC-417B-A56A-8C487633DC90}.Debug|Any CPU.Build.0 = Debug|Any CPU
		{EBE9331E-D1EC-417B-A56A-8C487633DC90}.Release|Any CPU.ActiveCfg = Release|Any CPU
		{EBE9331E-D1EC-417B-A56A-8C487633DC90}.Release|Any CPU.Build.0 = Release|Any CPU
	EndGlobalSection
	GlobalSection(SolutionProperties) = preSolution
		HideSolutionNode = FALSE
	EndGlobalSection
	GlobalSection(ExtensibilityGlobals) = postSolution
		Features = 9f6dc301-6f66-4d21-9f9c-b37412b162f6:Creating Pattern Toolkits:1.2.19.0
	EndGlobalSection
EndGlobal
